
Microsoft Visual Studio Solution File, Format Version 12.00
# Visual Studio Version 17
VisualStudioVersion = 17.2.32630.192
MinimumVisualStudioVersion = 10.0.40219.1
Project("{FAE04EC0-301F-11D3-BF4B-00C04F79EFBC}") = "MolenTaskSolution", "MolenTaskSolution\MolenTaskSolution.csproj", "{C7FC80B8-6C3E-4D6D-8ADD-B9D0927A164D}"
EndProject
Global
	GlobalSection(SolutionConfigurationPlatforms) = preSolution
		Debug|Any CPU = Debug|Any CPU
		Release|Any CPU = Release|Any CPU
	EndGlobalSection
	GlobalSection(ProjectConfigurationPlatforms) = postSolution
		{C7FC80B8-6C3E-4D6D-8ADD-B9D0927A164D}.Debug|Any CPU.ActiveCfg = Debug|Any CPU
		{C7FC80B8-6C3E-4D6D-8ADD-B9D0927A164D}.Debug|Any CPU.Build.0 = Debug|Any CPU
		{C7FC80B8-6C3E-4D6D-8ADD-B9D0927A164D}.Release|Any CPU.ActiveCfg = Release|Any CPU
		{C7FC80B8-6C3E-4D6D-8ADD-B9D0927A164D}.Release|Any CPU.Build.0 = Release|Any CPU
	EndGlobalSection
	GlobalSection(SolutionProperties) = preSolution
		HideSolutionNode = FALSE
	EndGlobalSection
	GlobalSection(ExtensibilityGlobals) = postSolution
		SolutionGuid = {FE002415-0B90-4C69-BE8C-44F9247DEB53}
	EndGlobalSection
EndGlobal
